
Microsoft Visual Studio Solution File, Format Version 12.00
# Visual Studio Version 16
VisualStudioVersion = 16.0.31321.278
MinimumVisualStudioVersion = 10.0.40219.1
Project("{9A19103F-16F7-4668-BE54-9A1E7A4F7556}") = "BreadmakerReport", "BreadmakerReport\BreadmakerReport.csproj", "{1139F4DB-72DC-4AD8-B9C4-7BBBEB5EB880}"
EndProject
Project("{9A19103F-16F7-4668-BE54-9A1E7A4F7556}") = "RatingAdjustmentService", "RatingAdjustmentService\RatingAdjustmentService.csproj", "{C13F4F4D-7F9A-4AEB-AF33-020CC83B511B}"
EndProject
Global
	GlobalSection(SolutionConfigurationPlatforms) = preSolution
		Debug|Any CPU = Debug|Any CPU
		Release|Any CPU = Release|Any CPU
	EndGlobalSection
	GlobalSection(ProjectConfigurationPlatforms) = postSolution
		{1139F4DB-72DC-4AD8-B9C4-7BBBEB5EB880}.Debug|Any CPU.ActiveCfg = Debug|Any CPU
		{1139F4DB-72DC-4AD8-B9C4-7BBBEB5EB880}.Debug|Any CPU.Build.0 = Debug|Any CPU
		{1139F4DB-72DC-4AD8-B9C4-7BBBEB5EB880}.Release|Any CPU.ActiveCfg = Release|Any CPU
		{1139F4DB-72DC-4AD8-B9C4-7BBBEB5EB880}.Release|Any CPU.Build.0 = Release|Any CPU
		{C13F4F4D-7F9A-4AEB-AF33-020CC83B511B}.Debug|Any CPU.ActiveCfg = Debug|Any CPU
		{C13F4F4D-7F9A-4AEB-AF33-020CC83B511B}.Debug|Any CPU.Build.0 = Debug|Any CPU
		{C13F4F4D-7F9A-4AEB-AF33-020CC83B511B}.Release|Any CPU.ActiveCfg = Release|Any CPU
		{C13F4F4D-7F9A-4AEB-AF33-020CC83B511B}.Release|Any CPU.Build.0 = Release|Any CPU
	EndGlobalSection
	GlobalSection(SolutionProperties) = preSolution
		HideSolutionNode = FALSE
	EndGlobalSection
	GlobalSection(ExtensibilityGlobals) = postSolution
		SolutionGuid = {EBA7652D-1C2D-4E5D-8EDC-5721E047EBA8}
	EndGlobalSection
EndGlobal
